
Microsoft Visual Studio Solution File, Format Version 12.00
# Visual Studio Version 16
VisualStudioVersion = 16.0.35229.62
MinimumVisualStudioVersion = 10.0.40219.1
Project("{D2ABAB84-BF74-430A-B69E-9DC6D40DDA17}") = "cuboOlap2024", "cuboOlap2024\cuboOlap2024.dwproj", "{E0BA966F-FBFA-4982-999C-F7C2FA83D886}"
EndProject
Global
	GlobalSection(SolutionConfigurationPlatforms) = preSolution
		Development|Default = Development|Default
	EndGlobalSection
	GlobalSection(ProjectConfigurationPlatforms) = postSolution
		{E0BA966F-FBFA-4982-999C-F7C2FA83D886}.Development|Default.ActiveCfg = Development
		{E0BA966F-FBFA-4982-999C-F7C2FA83D886}.Development|Default.Build.0 = Development
		{E0BA966F-FBFA-4982-999C-F7C2FA83D886}.Development|Default.Deploy.0 = Development
	EndGlobalSection
	GlobalSection(SolutionProperties) = preSolution
		HideSolutionNode = FALSE
	EndGlobalSection
	GlobalSection(ExtensibilityGlobals) = postSolution
		SolutionGuid = {97864E8A-1F6C-47EC-863F-81E23B3AD587}
	EndGlobalSection
EndGlobal
