
Microsoft Visual Studio Solution File, Format Version 12.00
# Visual Studio Version 16
VisualStudioVersion = 16.0.35229.62
MinimumVisualStudioVersion = 10.0.40219.1
Project("{D2ABAB84-BF74-430A-B69E-9DC6D40DDA17}") = "pruebaCubo_OMARUWU9-MSSQLSERVER2", "pruebaCubo_OMARUWU9-MSSQLSERVER2\pruebaCubo_OMARUWU9-MSSQLSERVER2.dwproj", "{76369339-FD6D-4A00-B0C6-1D01E2D2FF3D}"
EndProject
Global
	GlobalSection(SolutionConfigurationPlatforms) = preSolution
		Development|Default = Development|Default
	EndGlobalSection
	GlobalSection(ProjectConfigurationPlatforms) = postSolution
		{76369339-FD6D-4A00-B0C6-1D01E2D2FF3D}.Development|Default.ActiveCfg = Development
		{76369339-FD6D-4A00-B0C6-1D01E2D2FF3D}.Development|Default.Build.0 = Development
		{76369339-FD6D-4A00-B0C6-1D01E2D2FF3D}.Development|Default.Deploy.0 = Development
	EndGlobalSection
	GlobalSection(SolutionProperties) = preSolution
		HideSolutionNode = FALSE
	EndGlobalSection
	GlobalSection(ExtensibilityGlobals) = postSolution
		SolutionGuid = {E384AEA5-F4BE-4CA7-8673-2777534C9574}
	EndGlobalSection
EndGlobal
